
Microsoft Visual Studio Solution File, Format Version 12.00
# Visual Studio 15
Project("{FAE04EC0-301F-11D3-BF4B-00C04F79EFBC}") = "Assembly-CSharp", "Assembly-CSharp.csproj", "{91013928-86B2-AF4B-8221-0E12AA143F67}"
EndProject
Project("{FAE04EC0-301F-11D3-BF4B-00C04F79EFBC}") = "Assembly-CSharp-Editor", "Assembly-CSharp-Editor.csproj", "{B4EBFEA4-073E-CB48-D8B3-666628D50882}"
EndProject
Global
	GlobalSection(SolutionConfigurationPlatforms) = preSolution
		Debug|Any CPU = Debug|Any CPU
		Release|Any CPU = Release|Any CPU
	EndGlobalSection
	GlobalSection(ProjectConfigurationPlatforms) = postSolution
		{91013928-86B2-AF4B-8221-0E12AA143F67}.Debug|Any CPU.ActiveCfg = Debug|Any CPU
		{91013928-86B2-AF4B-8221-0E12AA143F67}.Debug|Any CPU.Build.0 = Debug|Any CPU
		{91013928-86B2-AF4B-8221-0E12AA143F67}.Release|Any CPU.ActiveCfg = Release|Any CPU
		{91013928-86B2-AF4B-8221-0E12AA143F67}.Release|Any CPU.Build.0 = Release|Any CPU
		{B4EBFEA4-073E-CB48-D8B3-666628D50882}.Debug|Any CPU.ActiveCfg = Debug|Any CPU
		{B4EBFEA4-073E-CB48-D8B3-666628D50882}.Debug|Any CPU.Build.0 = Debug|Any CPU
		{B4EBFEA4-073E-CB48-D8B3-666628D50882}.Release|Any CPU.ActiveCfg = Release|Any CPU
		{B4EBFEA4-073E-CB48-D8B3-666628D50882}.Release|Any CPU.Build.0 = Release|Any CPU
	EndGlobalSection
	GlobalSection(SolutionProperties) = preSolution
		HideSolutionNode = FALSE
	EndGlobalSection
EndGlobal
